
Microsoft Visual Studio Solution File, Format Version 12.00
# Visual Studio 15
Project("{FAE04EC0-301F-11D3-BF4B-00C04F79EFBC}") = "FormsExample.Android", "FormsExample.Android\FormsExample.Android.csproj", "{2D575D5C-BEBD-48F4-82AA-A1A02B9BBB69}"
EndProject
Project("{FAE04EC0-301F-11D3-BF4B-00C04F79EFBC}") = "FormsExample.iOS", "FormsExample.iOS\FormsExample.iOS.csproj", "{9ECE1974-20FA-492D-9269-265FE25EB637}"
EndProject
Project("{FAE04EC0-301F-11D3-BF4B-00C04F79EFBC}") = "FormsExample", "FormsExample\FormsExample.csproj", "{C484B371-9977-42E3-9824-64F44820B377}"
EndProject
Global
	GlobalSection(SolutionConfigurationPlatforms) = preSolution
		Debug|Any CPU = Debug|Any CPU
		Release|Any CPU = Release|Any CPU
		Debug|iPhoneSimulator = Debug|iPhoneSimulator
		Release|iPhoneSimulator = Release|iPhoneSimulator
		Debug|iPhone = Debug|iPhone
		Release|iPhone = Release|iPhone
	EndGlobalSection
	GlobalSection(ProjectConfigurationPlatforms) = postSolution
		{2D575D5C-BEBD-48F4-82AA-A1A02B9BBB69}.Debug|Any CPU.ActiveCfg = Debug|Any CPU
		{2D575D5C-BEBD-48F4-82AA-A1A02B9BBB69}.Debug|Any CPU.Build.0 = Debug|Any CPU
		{2D575D5C-BEBD-48F4-82AA-A1A02B9BBB69}.Release|Any CPU.ActiveCfg = Release|Any CPU
		{2D575D5C-BEBD-48F4-82AA-A1A02B9BBB69}.Release|Any CPU.Build.0 = Release|Any CPU
		{2D575D5C-BEBD-48F4-82AA-A1A02B9BBB69}.Debug|iPhoneSimulator.ActiveCfg = Debug|Any CPU
		{2D575D5C-BEBD-48F4-82AA-A1A02B9BBB69}.Debug|iPhoneSimulator.Build.0 = Debug|Any CPU
		{2D575D5C-BEBD-48F4-82AA-A1A02B9BBB69}.Release|iPhoneSimulator.ActiveCfg = Release|Any CPU
		{2D575D5C-BEBD-48F4-82AA-A1A02B9BBB69}.Release|iPhoneSimulator.Build.0 = Release|Any CPU
		{2D575D5C-BEBD-48F4-82AA-A1A02B9BBB69}.Debug|iPhone.ActiveCfg = Debug|Any CPU
		{2D575D5C-BEBD-48F4-82AA-A1A02B9BBB69}.Debug|iPhone.Build.0 = Debug|Any CPU
		{2D575D5C-BEBD-48F4-82AA-A1A02B9BBB69}.Release|iPhone.ActiveCfg = Release|Any CPU
		{2D575D5C-BEBD-48F4-82AA-A1A02B9BBB69}.Release|iPhone.Build.0 = Release|Any CPU
		{9ECE1974-20FA-492D-9269-265FE25EB637}.Debug|Any CPU.ActiveCfg = Debug|iPhoneSimulator
		{9ECE1974-20FA-492D-9269-265FE25EB637}.Debug|Any CPU.Build.0 = Debug|iPhoneSimulator
		{9ECE1974-20FA-492D-9269-265FE25EB637}.Release|Any CPU.ActiveCfg = Release|iPhoneSimulator
		{9ECE1974-20FA-492D-9269-265FE25EB637}.Release|Any CPU.Build.0 = Release|iPhoneSimulator
		{9ECE1974-20FA-492D-9269-265FE25EB637}.Debug|iPhoneSimulator.ActiveCfg = Debug|iPhoneSimulator
		{9ECE1974-20FA-492D-9269-265FE25EB637}.Debug|iPhoneSimulator.Build.0 = Debug|iPhoneSimulator
		{9ECE1974-20FA-492D-9269-265FE25EB637}.Release|iPhoneSimulator.ActiveCfg = Release|iPhoneSimulator
		{9ECE1974-20FA-492D-9269-265FE25EB637}.Release|iPhoneSimulator.Build.0 = Release|iPhoneSimulator
		{9ECE1974-20FA-492D-9269-265FE25EB637}.Debug|iPhone.ActiveCfg = Debug|iPhone
		{9ECE1974-20FA-492D-9269-265FE25EB637}.Debug|iPhone.Build.0 = Debug|iPhone
		{9ECE1974-20FA-492D-9269-265FE25EB637}.Release|iPhone.ActiveCfg = Release|iPhone
		{9ECE1974-20FA-492D-9269-265FE25EB637}.Release|iPhone.Build.0 = Release|iPhone
		{C484B371-9977-42E3-9824-64F44820B377}.Debug|Any CPU.ActiveCfg = Debug|Any CPU
		{C484B371-9977-42E3-9824-64F44820B377}.Debug|Any CPU.Build.0 = Debug|Any CPU
		{C484B371-9977-42E3-9824-64F44820B377}.Release|Any CPU.ActiveCfg = Release|Any CPU
		{C484B371-9977-42E3-9824-64F44820B377}.Release|Any CPU.Build.0 = Release|Any CPU
		{C484B371-9977-42E3-9824-64F44820B377}.Debug|iPhoneSimulator.ActiveCfg = Debug|Any CPU
		{C484B371-9977-42E3-9824-64F44820B377}.Debug|iPhoneSimulator.Build.0 = Debug|Any CPU
		{C484B371-9977-42E3-9824-64F44820B377}.Release|iPhoneSimulator.ActiveCfg = Release|Any CPU
		{C484B371-9977-42E3-9824-64F44820B377}.Release|iPhoneSimulator.Build.0 = Release|Any CPU
		{C484B371-9977-42E3-9824-64F44820B377}.Debug|iPhone.ActiveCfg = Debug|Any CPU
		{C484B371-9977-42E3-9824-64F44820B377}.Debug|iPhone.Build.0 = Debug|Any CPU
		{C484B371-9977-42E3-9824-64F44820B377}.Release|iPhone.ActiveCfg = Release|Any CPU
		{C484B371-9977-42E3-9824-64F44820B377}.Release|iPhone.Build.0 = Release|Any CPU
	EndGlobalSection
EndGlobal
